// !$*UTF8*$!
{
	archiveVersion = 1;
	classes = {
	};
	objectVersion = 46;
	objects = {

/* Begin PBXBuildFile section */
		082CEC9A2A8FCAE4C8DC383D /* Pods_RUN.framework in Frameworks */ = {isa = PBXBuildFile; fileRef = 4CA27B498B9A232E648AB2F1 /* Pods_RUN.framework */; };
		4508DD8E1E9850C2008B2536 /* MapMyRunUser.swift in Sources */ = {isa = PBXBuildFile; fileRef = 4508DD8D1E9850C2008B2536 /* MapMyRunUser.swift */; };
		4508DD921E986102008B2536 /* OnboardingInfoCollectionViewCell.swift in Sources */ = {isa = PBXBuildFile; fileRef = 4508DD901E986102008B2536 /* OnboardingInfoCollectionViewCell.swift */; };
		4508DD931E986102008B2536 /* OnboardingInfoCollectionViewCell.xib in Resources */ = {isa = PBXBuildFile; fileRef = 4508DD911E986102008B2536 /* OnboardingInfoCollectionViewCell.xib */; };
		4508DD961E986110008B2536 /* OnboardingPermissionCollectionViewCell.swift in Sources */ = {isa = PBXBuildFile; fileRef = 4508DD941E986110008B2536 /* OnboardingPermissionCollectionViewCell.swift */; };
		4508DD971E986110008B2536 /* OnboardingPermissionCollectionViewCell.xib in Resources */ = {isa = PBXBuildFile; fileRef = 4508DD951E986110008B2536 /* OnboardingPermissionCollectionViewCell.xib */; };
		4512555B1E9825A9000ED6D3 /* HealthKit.framework in Frameworks */ = {isa = PBXBuildFile; fileRef = 4512555A1E9825A9000ED6D3 /* HealthKit.framework */; };
		4530F6BA1E8EB38C00906393 /* DataView.swift in Sources */ = {isa = PBXBuildFile; fileRef = 4530F6B91E8EB38C00906393 /* DataView.swift */; };
		4530F6BC1E8EB3F900906393 /* WorkoutDataSpan.swift in Sources */ = {isa = PBXBuildFile; fileRef = 4530F6BB1E8EB3F900906393 /* WorkoutDataSpan.swift */; };
		4530F6BE1E8EB60300906393 /* WorkoutData.swift in Sources */ = {isa = PBXBuildFile; fileRef = 4530F6BD1E8EB60300906393 /* WorkoutData.swift */; };
		453B43441E8CD15D0005F8DA /* silence.m4a in Resources */ = {isa = PBXBuildFile; fileRef = 453B43431E8CD0EF0005F8DA /* silence.m4a */; };
		453B43461E8D59010005F8DA /* SelectSpeedScaleViewController.swift in Sources */ = {isa = PBXBuildFile; fileRef = 453B43451E8D59010005F8DA /* SelectSpeedScaleViewController.swift */; };
		453B43481E8D81B60005F8DA /* SelectLapDistanceTableViewController.swift in Sources */ = {isa = PBXBuildFile; fileRef = 453B43471E8D81B60005F8DA /* SelectLapDistanceTableViewController.swift */; };
		453B434A1E8D85610005F8DA /* WorkoutLap.swift in Sources */ = {isa = PBXBuildFile; fileRef = 453B43491E8D85610005F8DA /* WorkoutLap.swift */; };
		453B434C1E8DA97B0005F8DA /* SplashViewController.swift in Sources */ = {isa = PBXBuildFile; fileRef = 453B434B1E8DA97B0005F8DA /* SplashViewController.swift */; };
		454A15D01E8C8F050098FB1E /* SelectUpdateDistanceTableViewController.swift in Sources */ = {isa = PBXBuildFile; fileRef = 454A15CF1E8C8F050098FB1E /* SelectUpdateDistanceTableViewController.swift */; };
		454A15D21E8CA5370098FB1E /* SpeechManager.swift in Sources */ = {isa = PBXBuildFile; fileRef = 454A15D11E8CA5370098FB1E /* SpeechManager.swift */; };
		454A15DF1E8CB7530098FB1E /* AudioToolbox.framework in Frameworks */ = {isa = PBXBuildFile; fileRef = 454A15DE1E8CB7530098FB1E /* AudioToolbox.framework */; };
		454F80591E8C8D1600BFF87A /* SelectThemeTableViewController.swift in Sources */ = {isa = PBXBuildFile; fileRef = 454F80581E8C8D1600BFF87A /* SelectThemeTableViewController.swift */; };
		454F805B1E8C8D2A00BFF87A /* SelectUpdateTimeTableViewController.swift in Sources */ = {isa = PBXBuildFile; fileRef = 454F805A1E8C8D2A00BFF87A /* SelectUpdateTimeTableViewController.swift */; };
		455783391E8DAD5B000B177A /* hero.mp4 in Resources */ = {isa = PBXBuildFile; fileRef = 455783381E8DAD59000B177A /* hero.mp4 */; };
		455FF2D81E847438000C88A9 /* AppDelegate.swift in Sources */ = {isa = PBXBuildFile; fileRef = 455FF2D71E847438000C88A9 /* AppDelegate.swift */; };
		455FF2DA1E847438000C88A9 /* MapViewController.swift in Sources */ = {isa = PBXBuildFile; fileRef = 455FF2D91E847438000C88A9 /* MapViewController.swift */; };
		455FF2DD1E847438000C88A9 /* Main.storyboard in Resources */ = {isa = PBXBuildFile; fileRef = 455FF2DB1E847438000C88A9 /* Main.storyboard */; };
		455FF2DF1E847438000C88A9 /* Assets.xcassets in Resources */ = {isa = PBXBuildFile; fileRef = 455FF2DE1E847438000C88A9 /* Assets.xcassets */; };
		455FF2E21E847438000C88A9 /* LaunchScreen.storyboard in Resources */ = {isa = PBXBuildFile; fileRef = 455FF2E01E847438000C88A9 /* LaunchScreen.storyboard */; };
		455FF2EC1E847E36000C88A9 /* Constants.swift in Sources */ = {isa = PBXBuildFile; fileRef = 455FF2EB1E847E36000C88A9 /* Constants.swift */; };
		455FF2F01E848F73000C88A9 /* BGView.swift in Sources */ = {isa = PBXBuildFile; fileRef = 455FF2EF1E848F73000C88A9 /* BGView.swift */; };
		456291831E89A5BF007A609D /* Settings.swift in Sources */ = {isa = PBXBuildFile; fileRef = 456291821E89A5BF007A609D /* Settings.swift */; };
		456291851E89A606007A609D /* Util.swift in Sources */ = {isa = PBXBuildFile; fileRef = 456291841E89A606007A609D /* Util.swift */; };
		45C411AD1E8B08A7005A2FFB /* WorkoutTableViewCell.swift in Sources */ = {isa = PBXBuildFile; fileRef = 45C411AB1E8B08A7005A2FFB /* WorkoutTableViewCell.swift */; };
		45C411AE1E8B08A7005A2FFB /* WorkoutTableViewCell.xib in Resources */ = {isa = PBXBuildFile; fileRef = 45C411AC1E8B08A7005A2FFB /* WorkoutTableViewCell.xib */; };
		45C411B11E8B329C005A2FFB /* API.swift in Sources */ = {isa = PBXBuildFile; fileRef = 45C411B01E8B329C005A2FFB /* API.swift */; };
		45C411B31E8B3DFA005A2FFB /* RoundedView.swift in Sources */ = {isa = PBXBuildFile; fileRef = 45C411B21E8B3DFA005A2FFB /* RoundedView.swift */; };
		45C411B51E8B420A005A2FFB /* RoundedButton.swift in Sources */ = {isa = PBXBuildFile; fileRef = 45C411B41E8B420A005A2FFB /* RoundedButton.swift */; };
		45C411BB1E8B507A005A2FFB /* ActionTableViewCell.swift in Sources */ = {isa = PBXBuildFile; fileRef = 45C411B71E8B507A005A2FFB /* ActionTableViewCell.swift */; };
		45C411BC1E8B507A005A2FFB /* ActionTableViewCell.xib in Resources */ = {isa = PBXBuildFile; fileRef = 45C411B81E8B507A005A2FFB /* ActionTableViewCell.xib */; };
		45C411BD1E8B507A005A2FFB /* CustomizationTableViewCell.swift in Sources */ = {isa = PBXBuildFile; fileRef = 45C411B91E8B507A005A2FFB /* CustomizationTableViewCell.swift */; };
		45C411BE1E8B507A005A2FFB /* CustomizationTableViewCell.xib in Resources */ = {isa = PBXBuildFile; fileRef = 45C411BA1E8B507A005A2FFB /* CustomizationTableViewCell.xib */; };
		45C411C21E8B50A6005A2FFB /* Style.swift in Sources */ = {isa = PBXBuildFile; fileRef = 45C411C11E8B50A6005A2FFB /* Style.swift */; };
		45C411C51E8B5189005A2FFB /* ReviewTableViewCell.swift in Sources */ = {isa = PBXBuildFile; fileRef = 45C411C31E8B5189005A2FFB /* ReviewTableViewCell.swift */; };
		45C411C61E8B5189005A2FFB /* ReviewTableViewCell.xib in Resources */ = {isa = PBXBuildFile; fileRef = 45C411C41E8B5189005A2FFB /* ReviewTableViewCell.xib */; };
		45C8D7D11E85C8C7003DB276 /* map_retro.json in Resources */ = {isa = PBXBuildFile; fileRef = 45C8D7D01E85C8C7003DB276 /* map_retro.json */; };
		45C8D7D31E85C8E4003DB276 /* map_silver.json in Resources */ = {isa = PBXBuildFile; fileRef = 45C8D7D21E85C8E4003DB276 /* map_silver.json */; };
		45C8D7D51E85C90B003DB276 /* map_mirkwood.json in Resources */ = {isa = PBXBuildFile; fileRef = 45C8D7D41E85C90B003DB276 /* map_mirkwood.json */; };
		45C8D7D71E85C91D003DB276 /* map_electric.json in Resources */ = {isa = PBXBuildFile; fileRef = 45C8D7D61E85C91D003DB276 /* map_electric.json */; };
		45C8D7D91E85DF6E003DB276 /* WorkoutsViewController.swift in Sources */ = {isa = PBXBuildFile; fileRef = 45C8D7D81E85DF6E003DB276 /* WorkoutsViewController.swift */; };
		45C8D7DB1E85F905003DB276 /* Workout.swift in Sources */ = {isa = PBXBuildFile; fileRef = 45C8D7DA1E85F905003DB276 /* Workout.swift */; };
		45C8D7DD1E85F911003DB276 /* WorkoutManager.swift in Sources */ = {isa = PBXBuildFile; fileRef = 45C8D7DC1E85F911003DB276 /* WorkoutManager.swift */; };
		45C8D7DF1E85FB60003DB276 /* WorkoutEvent.swift in Sources */ = {isa = PBXBuildFile; fileRef = 45C8D7DE1E85FB60003DB276 /* WorkoutEvent.swift */; };
		45C8D7EB1E875063003DB276 /* WorkoutViewController.swift in Sources */ = {isa = PBXBuildFile; fileRef = 45C8D7EA1E875063003DB276 /* WorkoutViewController.swift */; };
		45C8D7ED1E8755DB003DB276 /* SettingsViewController.swift in Sources */ = {isa = PBXBuildFile; fileRef = 45C8D7EC1E8755DB003DB276 /* SettingsViewController.swift */; };
		45E3B1361E945E25007F8805 /* WorkoutsNavigationViewController.swift in Sources */ = {isa = PBXBuildFile; fileRef = 45E3B1351E945E25007F8805 /* WorkoutsNavigationViewController.swift */; };
		45E3B1381E94614C007F8805 /* RUNPanGestureRecognizer.swift in Sources */ = {isa = PBXBuildFile; fileRef = 45E3B1371E94614C007F8805 /* RUNPanGestureRecognizer.swift */; };
		45E3B13A1E946607007F8805 /* WorkoutDataButton.swift in Sources */ = {isa = PBXBuildFile; fileRef = 45E3B1391E946607007F8805 /* WorkoutDataButton.swift */; };
		45E3B13C1E946D75007F8805 /* DataViewController.swift in Sources */ = {isa = PBXBuildFile; fileRef = 45E3B13B1E946D75007F8805 /* DataViewController.swift */; };
		45E3B13F1E947AE9007F8805 /* WorkoutDataSpanButton.swift in Sources */ = {isa = PBXBuildFile; fileRef = 45E3B13E1E947AE9007F8805 /* WorkoutDataSpanButton.swift */; };
		45E3B1421E9480C5007F8805 /* WorkoutLapTableViewCell.swift in Sources */ = {isa = PBXBuildFile; fileRef = 45E3B1401E9480C5007F8805 /* WorkoutLapTableViewCell.swift */; };
		45E3B1431E9480C5007F8805 /* WorkoutLapTableViewCell.xib in Resources */ = {isa = PBXBuildFile; fileRef = 45E3B1411E9480C5007F8805 /* WorkoutLapTableViewCell.xib */; };
		45E3B1581E954D44007F8805 /* owfont-regular.ttf in Resources */ = {isa = PBXBuildFile; fileRef = 45E3B1571E954D44007F8805 /* owfont-regular.ttf */; };
		45E3B15C1E9552FC007F8805 /* Weather.swift in Sources */ = {isa = PBXBuildFile; fileRef = 45E3B15B1E9552FC007F8805 /* Weather.swift */; };
		45E3B15F1E955469007F8805 /* owfont-regular.otf in Resources */ = {isa = PBXBuildFile; fileRef = 45E3B15E1E955469007F8805 /* owfont-regular.otf */; };
		45E3B1611E9561EA007F8805 /* FloatingButton.swift in Sources */ = {isa = PBXBuildFile; fileRef = 45E3B1601E9561EA007F8805 /* FloatingButton.swift */; };
		45E3B1671E97E6D5007F8805 /* Onboarding.storyboard in Resources */ = {isa = PBXBuildFile; fileRef = 45E3B1661E97E6D5007F8805 /* Onboarding.storyboard */; };
		45E3B16A1E97E6F3007F8805 /* OnboardingViewController.swift in Sources */ = {isa = PBXBuildFile; fileRef = 45E3B1691E97E6F3007F8805 /* OnboardingViewController.swift */; };
		45E3B16E1E97EA58007F8805 /* OnboardingSplashCollectionViewCell.swift in Sources */ = {isa = PBXBuildFile; fileRef = 45E3B16C1E97EA58007F8805 /* OnboardingSplashCollectionViewCell.swift */; };
		45E3B16F1E97EA58007F8805 /* OnboardingSplashCollectionViewCell.xib in Resources */ = {isa = PBXBuildFile; fileRef = 45E3B16D1E97EA58007F8805 /* OnboardingSplashCollectionViewCell.xib */; };
		45E3B1781E97EB60007F8805 /* RUNShimmeringView.swift in Sources */ = {isa = PBXBuildFile; fileRef = 45E3B1711E97EB60007F8805 /* RUNShimmeringView.swift */; };
		45E3B1791E97EB60007F8805 /* FBShimmeringLayer.m in Sources */ = {isa = PBXBuildFile; fileRef = 45E3B1751E97EB60007F8805 /* FBShimmeringLayer.m */; };
		45E3B17A1E97EB60007F8805 /* FBShimmeringView.m in Sources */ = {isa = PBXBuildFile; fileRef = 45E3B1771E97EB60007F8805 /* FBShimmeringView.m */; };
		45E3B17D1E980572007F8805 /* MapMyRun.swift in Sources */ = {isa = PBXBuildFile; fileRef = 45E3B17C1E980572007F8805 /* MapMyRun.swift */; };
		45E3B17F1E980628007F8805 /* LoginViewController.swift in Sources */ = {isa = PBXBuildFile; fileRef = 45E3B17E1E980628007F8805 /* LoginViewController.swift */; };
		45EB54FE1E98484800DF10D7 /* Session.swift in Sources */ = {isa = PBXBuildFile; fileRef = 45EB54FD1E98484800DF10D7 /* Session.swift */; };
/* End PBXBuildFile section */

/* Begin PBXFileReference section */
		2091703707F07DEE975FFE07 /* Pods-watch.release.xcconfig */ = {isa = PBXFileReference; includeInIndex = 1; lastKnownFileType = text.xcconfig; name = "Pods-watch.release.xcconfig"; path = "Pods/Target Support Files/Pods-watch/Pods-watch.release.xcconfig"; sourceTree = "<group>"; };
		261F805CD4C5EB318D4FCAC4 /* Pods-RUN watch Extension.release.xcconfig */ = {isa = PBXFileReference; includeInIndex = 1; lastKnownFileType = text.xcconfig; name = "Pods-RUN watch Extension.release.xcconfig"; path = "Pods/Target Support Files/Pods-RUN watch Extension/Pods-RUN watch Extension.release.xcconfig"; sourceTree = "<group>"; };
		4508DD8D1E9850C2008B2536 /* MapMyRunUser.swift */ = {isa = PBXFileReference; fileEncoding = 4; lastKnownFileType = sourcecode.swift; path = MapMyRunUser.swift; sourceTree = "<group>"; };
		4508DD901E986102008B2536 /* OnboardingInfoCollectionViewCell.swift */ = {isa = PBXFileReference; fileEncoding = 4; lastKnownFileType = sourcecode.swift; path = OnboardingInfoCollectionViewCell.swift; sourceTree = "<group>"; };
		4508DD911E986102008B2536 /* OnboardingInfoCollectionViewCell.xib */ = {isa = PBXFileReference; fileEncoding = 4; lastKnownFileType = file.xib; path = OnboardingInfoCollectionViewCell.xib; sourceTree = "<group>"; };
		4508DD941E986110008B2536 /* OnboardingPermissionCollectionViewCell.swift */ = {isa = PBXFileReference; fileEncoding = 4; lastKnownFileType = sourcecode.swift; path = OnboardingPermissionCollectionViewCell.swift; sourceTree = "<group>"; };
		4508DD951E986110008B2536 /* OnboardingPermissionCollectionViewCell.xib */ = {isa = PBXFileReference; fileEncoding = 4; lastKnownFileType = file.xib; path = OnboardingPermissionCollectionViewCell.xib; sourceTree = "<group>"; };
		451255581E9825A4000ED6D3 /* HealthKit.framework */ = {isa = PBXFileReference; lastKnownFileType = wrapper.framework; name = HealthKit.framework; path = Platforms/WatchOS.platform/Developer/SDKs/WatchOS3.2.sdk/System/Library/Frameworks/HealthKit.framework; sourceTree = DEVELOPER_DIR; };
		4512555A1E9825A9000ED6D3 /* HealthKit.framework */ = {isa = PBXFileReference; lastKnownFileType = wrapper.framework; name = HealthKit.framework; path = System/Library/Frameworks/HealthKit.framework; sourceTree = SDKROOT; };
		4530F6B91E8EB38C00906393 /* DataView.swift */ = {isa = PBXFileReference; fileEncoding = 4; lastKnownFileType = sourcecode.swift; path = DataView.swift; sourceTree = "<group>"; };
		4530F6BB1E8EB3F900906393 /* WorkoutDataSpan.swift */ = {isa = PBXFileReference; fileEncoding = 4; lastKnownFileType = sourcecode.swift; path = WorkoutDataSpan.swift; sourceTree = "<group>"; };
		4530F6BD1E8EB60300906393 /* WorkoutData.swift */ = {isa = PBXFileReference; fileEncoding = 4; lastKnownFileType = sourcecode.swift; path = WorkoutData.swift; sourceTree = "<group>"; };
		453B43431E8CD0EF0005F8DA /* silence.m4a */ = {isa = PBXFileReference; lastKnownFileType = file; path = silence.m4a; sourceTree = "<group>"; };
		453B43451E8D59010005F8DA /* SelectSpeedScaleViewController.swift */ = {isa = PBXFileReference; fileEncoding = 4; lastKnownFileType = sourcecode.swift; path = SelectSpeedScaleViewController.swift; sourceTree = "<group>"; };
		453B43471E8D81B60005F8DA /* SelectLapDistanceTableViewController.swift */ = {isa = PBXFileReference; fileEncoding = 4; lastKnownFileType = sourcecode.swift; path = SelectLapDistanceTableViewController.swift; sourceTree = "<group>"; };
		453B43491E8D85610005F8DA /* WorkoutLap.swift */ = {isa = PBXFileReference; fileEncoding = 4; lastKnownFileType = sourcecode.swift; path = WorkoutLap.swift; sourceTree = "<group>"; };
		453B434B1E8DA97B0005F8DA /* SplashViewController.swift */ = {isa = PBXFileReference; fileEncoding = 4; lastKnownFileType = sourcecode.swift; path = SplashViewController.swift; sourceTree = "<group>"; };
		454A15CF1E8C8F050098FB1E /* SelectUpdateDistanceTableViewController.swift */ = {isa = PBXFileReference; fileEncoding = 4; lastKnownFileType = sourcecode.swift; path = SelectUpdateDistanceTableViewController.swift; sourceTree = "<group>"; };
		454A15D11E8CA5370098FB1E /* SpeechManager.swift */ = {isa = PBXFileReference; fileEncoding = 4; lastKnownFileType = sourcecode.swift; path = SpeechManager.swift; sourceTree = "<group>"; };
		454A15D51E8CAB1D0098FB1E /* RUN.entitlements */ = {isa = PBXFileReference; lastKnownFileType = text.plist.entitlements; path = RUN.entitlements; sourceTree = "<group>"; };
		454A15DE1E8CB7530098FB1E /* AudioToolbox.framework */ = {isa = PBXFileReference; lastKnownFileType = wrapper.framework; name = AudioToolbox.framework; path = System/Library/Frameworks/AudioToolbox.framework; sourceTree = SDKROOT; };
		454F80581E8C8D1600BFF87A /* SelectThemeTableViewController.swift */ = {isa = PBXFileReference; fileEncoding = 4; lastKnownFileType = sourcecode.swift; path = SelectThemeTableViewController.swift; sourceTree = "<group>"; };
		454F805A1E8C8D2A00BFF87A /* SelectUpdateTimeTableViewController.swift */ = {isa = PBXFileReference; fileEncoding = 4; lastKnownFileType = sourcecode.swift; path = SelectUpdateTimeTableViewController.swift; sourceTree = "<group>"; };
		455783381E8DAD59000B177A /* hero.mp4 */ = {isa = PBXFileReference; lastKnownFileType = file; path = hero.mp4; sourceTree = "<group>"; };
		455FF2D41E847438000C88A9 /* RUN.app */ = {isa = PBXFileReference; explicitFileType = wrapper.application; includeInIndex = 0; path = RUN.app; sourceTree = BUILT_PRODUCTS_DIR; };
		455FF2D71E847438000C88A9 /* AppDelegate.swift */ = {isa = PBXFileReference; lastKnownFileType = sourcecode.swift; path = AppDelegate.swift; sourceTree = "<group>"; };
		455FF2D91E847438000C88A9 /* MapViewController.swift */ = {isa = PBXFileReference; lastKnownFileType = sourcecode.swift; path = MapViewController.swift; sourceTree = "<group>"; };
		455FF2DC1E847438000C88A9 /* Base */ = {isa = PBXFileReference; lastKnownFileType = file.storyboard; name = Base; path = Base.lproj/Main.storyboard; sourceTree = "<group>"; };
		455FF2DE1E847438000C88A9 /* Assets.xcassets */ = {isa = PBXFileReference; lastKnownFileType = folder.assetcatalog; path = Assets.xcassets; sourceTree = "<group>"; };
		455FF2E11E847438000C88A9 /* Base */ = {isa = PBXFileReference; lastKnownFileType = file.storyboard; name = Base; path = Base.lproj/LaunchScreen.storyboard; sourceTree = "<group>"; };
		455FF2E31E847438000C88A9 /* Info.plist */ = {isa = PBXFileReference; lastKnownFileType = text.plist.xml; path = Info.plist; sourceTree = "<group>"; };
		455FF2EB1E847E36000C88A9 /* Constants.swift */ = {isa = PBXFileReference; fileEncoding = 4; lastKnownFileType = sourcecode.swift; path = Constants.swift; sourceTree = "<group>"; };
		455FF2EF1E848F73000C88A9 /* BGView.swift */ = {isa = PBXFileReference; fileEncoding = 4; lastKnownFileType = sourcecode.swift; path = BGView.swift; sourceTree = "<group>"; };
		456291821E89A5BF007A609D /* Settings.swift */ = {isa = PBXFileReference; fileEncoding = 4; lastKnownFileType = sourcecode.swift; path = Settings.swift; sourceTree = "<group>"; };
		456291841E89A606007A609D /* Util.swift */ = {isa = PBXFileReference; fileEncoding = 4; lastKnownFileType = sourcecode.swift; path = Util.swift; sourceTree = "<group>"; };
		45C411AB1E8B08A7005A2FFB /* WorkoutTableViewCell.swift */ = {isa = PBXFileReference; fileEncoding = 4; lastKnownFileType = sourcecode.swift; path = WorkoutTableViewCell.swift; sourceTree = "<group>"; };
		45C411AC1E8B08A7005A2FFB /* WorkoutTableViewCell.xib */ = {isa = PBXFileReference; fileEncoding = 4; lastKnownFileType = file.xib; path = WorkoutTableViewCell.xib; sourceTree = "<group>"; };
		45C411B01E8B329C005A2FFB /* API.swift */ = {isa = PBXFileReference; fileEncoding = 4; lastKnownFileType = sourcecode.swift; path = API.swift; sourceTree = "<group>"; };
		45C411B21E8B3DFA005A2FFB /* RoundedView.swift */ = {isa = PBXFileReference; fileEncoding = 4; lastKnownFileType = sourcecode.swift; path = RoundedView.swift; sourceTree = "<group>"; };
		45C411B41E8B420A005A2FFB /* RoundedButton.swift */ = {isa = PBXFileReference; fileEncoding = 4; lastKnownFileType = sourcecode.swift; path = RoundedButton.swift; sourceTree = "<group>"; };
		45C411B71E8B507A005A2FFB /* ActionTableViewCell.swift */ = {isa = PBXFileReference; fileEncoding = 4; lastKnownFileType = sourcecode.swift; path = ActionTableViewCell.swift; sourceTree = "<group>"; };
		45C411B81E8B507A005A2FFB /* ActionTableViewCell.xib */ = {isa = PBXFileReference; fileEncoding = 4; lastKnownFileType = file.xib; path = ActionTableViewCell.xib; sourceTree = "<group>"; };
		45C411B91E8B507A005A2FFB /* CustomizationTableViewCell.swift */ = {isa = PBXFileReference; fileEncoding = 4; lastKnownFileType = sourcecode.swift; path = CustomizationTableViewCell.swift; sourceTree = "<group>"; };
		45C411BA1E8B507A005A2FFB /* CustomizationTableViewCell.xib */ = {isa = PBXFileReference; fileEncoding = 4; lastKnownFileType = file.xib; path = CustomizationTableViewCell.xib; sourceTree = "<group>"; };
		45C411C11E8B50A6005A2FFB /* Style.swift */ = {isa = PBXFileReference; fileEncoding = 4; lastKnownFileType = sourcecode.swift; path = Style.swift; sourceTree = "<group>"; };
		45C411C31E8B5189005A2FFB /* ReviewTableViewCell.swift */ = {isa = PBXFileReference; fileEncoding = 4; lastKnownFileType = sourcecode.swift; path = ReviewTableViewCell.swift; sourceTree = "<group>"; };
		45C411C41E8B5189005A2FFB /* ReviewTableViewCell.xib */ = {isa = PBXFileReference; fileEncoding = 4; lastKnownFileType = file.xib; path = ReviewTableViewCell.xib; sourceTree = "<group>"; };
		45C8D7D01E85C8C7003DB276 /* map_retro.json */ = {isa = PBXFileReference; fileEncoding = 4; lastKnownFileType = text.json; path = map_retro.json; sourceTree = "<group>"; };
		45C8D7D21E85C8E4003DB276 /* map_silver.json */ = {isa = PBXFileReference; fileEncoding = 4; lastKnownFileType = text.json; path = map_silver.json; sourceTree = "<group>"; };
		45C8D7D41E85C90B003DB276 /* map_mirkwood.json */ = {isa = PBXFileReference; fileEncoding = 4; lastKnownFileType = text.json; path = map_mirkwood.json; sourceTree = "<group>"; };
		45C8D7D61E85C91D003DB276 /* map_electric.json */ = {isa = PBXFileReference; fileEncoding = 4; lastKnownFileType = text.json; path = map_electric.json; sourceTree = "<group>"; };
		45C8D7D81E85DF6E003DB276 /* WorkoutsViewController.swift */ = {isa = PBXFileReference; fileEncoding = 4; lastKnownFileType = sourcecode.swift; path = WorkoutsViewController.swift; sourceTree = "<group>"; };
		45C8D7DA1E85F905003DB276 /* Workout.swift */ = {isa = PBXFileReference; fileEncoding = 4; lastKnownFileType = sourcecode.swift; path = Workout.swift; sourceTree = "<group>"; };
		45C8D7DC1E85F911003DB276 /* WorkoutManager.swift */ = {isa = PBXFileReference; fileEncoding = 4; lastKnownFileType = sourcecode.swift; path = WorkoutManager.swift; sourceTree = "<group>"; };
		45C8D7DE1E85FB60003DB276 /* WorkoutEvent.swift */ = {isa = PBXFileReference; fileEncoding = 4; lastKnownFileType = sourcecode.swift; path = WorkoutEvent.swift; sourceTree = "<group>"; };
		45C8D7EA1E875063003DB276 /* WorkoutViewController.swift */ = {isa = PBXFileReference; fileEncoding = 4; lastKnownFileType = sourcecode.swift; path = WorkoutViewController.swift; sourceTree = "<group>"; };
		45C8D7EC1E8755DB003DB276 /* SettingsViewController.swift */ = {isa = PBXFileReference; fileEncoding = 4; lastKnownFileType = sourcecode.swift; path = SettingsViewController.swift; sourceTree = "<group>"; };
		45E3B1351E945E25007F8805 /* WorkoutsNavigationViewController.swift */ = {isa = PBXFileReference; fileEncoding = 4; lastKnownFileType = sourcecode.swift; path = WorkoutsNavigationViewController.swift; sourceTree = "<group>"; };
		45E3B1371E94614C007F8805 /* RUNPanGestureRecognizer.swift */ = {isa = PBXFileReference; fileEncoding = 4; lastKnownFileType = sourcecode.swift; path = RUNPanGestureRecognizer.swift; sourceTree = "<group>"; };
		45E3B1391E946607007F8805 /* WorkoutDataButton.swift */ = {isa = PBXFileReference; fileEncoding = 4; lastKnownFileType = sourcecode.swift; path = WorkoutDataButton.swift; sourceTree = "<group>"; };
		45E3B13B1E946D75007F8805 /* DataViewController.swift */ = {isa = PBXFileReference; fileEncoding = 4; lastKnownFileType = sourcecode.swift; path = DataViewController.swift; sourceTree = "<group>"; };
		45E3B13E1E947AE9007F8805 /* WorkoutDataSpanButton.swift */ = {isa = PBXFileReference; fileEncoding = 4; lastKnownFileType = sourcecode.swift; path = WorkoutDataSpanButton.swift; sourceTree = "<group>"; };
		45E3B1401E9480C5007F8805 /* WorkoutLapTableViewCell.swift */ = {isa = PBXFileReference; fileEncoding = 4; lastKnownFileType = sourcecode.swift; path = WorkoutLapTableViewCell.swift; sourceTree = "<group>"; };
		45E3B1411E9480C5007F8805 /* WorkoutLapTableViewCell.xib */ = {isa = PBXFileReference; fileEncoding = 4; lastKnownFileType = file.xib; path = WorkoutLapTableViewCell.xib; sourceTree = "<group>"; };
		45E3B1571E954D44007F8805 /* owfont-regular.ttf */ = {isa = PBXFileReference; lastKnownFileType = file; path = "owfont-regular.ttf"; sourceTree = "<group>"; };
		45E3B15B1E9552FC007F8805 /* Weather.swift */ = {isa = PBXFileReference; fileEncoding = 4; lastKnownFileType = sourcecode.swift; path = Weather.swift; sourceTree = "<group>"; };
		45E3B15E1E955469007F8805 /* owfont-regular.otf */ = {isa = PBXFileReference; lastKnownFileType = file; path = "owfont-regular.otf"; sourceTree = "<group>"; };
		45E3B1601E9561EA007F8805 /* FloatingButton.swift */ = {isa = PBXFileReference; fileEncoding = 4; lastKnownFileType = sourcecode.swift; path = FloatingButton.swift; sourceTree = "<group>"; };
		45E3B1661E97E6D5007F8805 /* Onboarding.storyboard */ = {isa = PBXFileReference; fileEncoding = 4; lastKnownFileType = file.storyboard; path = Onboarding.storyboard; sourceTree = "<group>"; };
		45E3B1691E97E6F3007F8805 /* OnboardingViewController.swift */ = {isa = PBXFileReference; fileEncoding = 4; lastKnownFileType = sourcecode.swift; path = OnboardingViewController.swift; sourceTree = "<group>"; };
		45E3B16C1E97EA58007F8805 /* OnboardingSplashCollectionViewCell.swift */ = {isa = PBXFileReference; fileEncoding = 4; lastKnownFileType = sourcecode.swift; path = OnboardingSplashCollectionViewCell.swift; sourceTree = "<group>"; };
		45E3B16D1E97EA58007F8805 /* OnboardingSplashCollectionViewCell.xib */ = {isa = PBXFileReference; fileEncoding = 4; lastKnownFileType = file.xib; path = OnboardingSplashCollectionViewCell.xib; sourceTree = "<group>"; };
		45E3B1711E97EB60007F8805 /* RUNShimmeringView.swift */ = {isa = PBXFileReference; fileEncoding = 4; lastKnownFileType = sourcecode.swift; path = RUNShimmeringView.swift; sourceTree = "<group>"; };
		45E3B1731E97EB60007F8805 /* FBShimmering.h */ = {isa = PBXFileReference; fileEncoding = 4; lastKnownFileType = sourcecode.c.h; path = FBShimmering.h; sourceTree = "<group>"; };
		45E3B1741E97EB60007F8805 /* FBShimmeringLayer.h */ = {isa = PBXFileReference; fileEncoding = 4; lastKnownFileType = sourcecode.c.h; path = FBShimmeringLayer.h; sourceTree = "<group>"; };
		45E3B1751E97EB60007F8805 /* FBShimmeringLayer.m */ = {isa = PBXFileReference; fileEncoding = 4; lastKnownFileType = sourcecode.c.objc; path = FBShimmeringLayer.m; sourceTree = "<group>"; };
		45E3B1761E97EB60007F8805 /* FBShimmeringView.h */ = {isa = PBXFileReference; fileEncoding = 4; lastKnownFileType = sourcecode.c.h; path = FBShimmeringView.h; sourceTree = "<group>"; };
		45E3B1771E97EB60007F8805 /* FBShimmeringView.m */ = {isa = PBXFileReference; fileEncoding = 4; lastKnownFileType = sourcecode.c.objc; path = FBShimmeringView.m; sourceTree = "<group>"; };
		45E3B17B1E97EB97007F8805 /* RUN-Bridging-Header.h */ = {isa = PBXFileReference; lastKnownFileType = sourcecode.c.h; path = "RUN-Bridging-Header.h"; sourceTree = "<group>"; };
		45E3B17C1E980572007F8805 /* MapMyRun.swift */ = {isa = PBXFileReference; fileEncoding = 4; lastKnownFileType = sourcecode.swift; path = MapMyRun.swift; sourceTree = "<group>"; };
		45E3B17E1E980628007F8805 /* LoginViewController.swift */ = {isa = PBXFileReference; fileEncoding = 4; lastKnownFileType = sourcecode.swift; path = LoginViewController.swift; sourceTree = "<group>"; };
		45EB54FD1E98484800DF10D7 /* Session.swift */ = {isa = PBXFileReference; fileEncoding = 4; lastKnownFileType = sourcecode.swift; path = Session.swift; sourceTree = "<group>"; };
		4C1922625EC9E23ABE008114 /* Pods-RUN.release.xcconfig */ = {isa = PBXFileReference; includeInIndex = 1; lastKnownFileType = text.xcconfig; name = "Pods-RUN.release.xcconfig"; path = "Pods/Target Support Files/Pods-RUN/Pods-RUN.release.xcconfig"; sourceTree = "<group>"; };
		4CA27B498B9A232E648AB2F1 /* Pods_RUN.framework */ = {isa = PBXFileReference; explicitFileType = wrapper.framework; includeInIndex = 0; path = Pods_RUN.framework; sourceTree = BUILT_PRODUCTS_DIR; };
		53C35ECCB51D84E6AC17137B /* Pods-RUN watch Extension.debug.xcconfig */ = {isa = PBXFileReference; includeInIndex = 1; lastKnownFileType = text.xcconfig; name = "Pods-RUN watch Extension.debug.xcconfig"; path = "Pods/Target Support Files/Pods-RUN watch Extension/Pods-RUN watch Extension.debug.xcconfig"; sourceTree = "<group>"; };
		6B1FB86AC0749D63D37F25D4 /* Pods_RUN_watch_Extension.framework */ = {isa = PBXFileReference; explicitFileType = wrapper.framework; includeInIndex = 0; path = Pods_RUN_watch_Extension.framework; sourceTree = BUILT_PRODUCTS_DIR; };
		81C8FE6F61FA6686971B1907 /* Pods_watch.framework */ = {isa = PBXFileReference; explicitFileType = wrapper.framework; includeInIndex = 0; path = Pods_watch.framework; sourceTree = BUILT_PRODUCTS_DIR; };
		BFC9A22E61E2F2457745A689 /* Pods-watch Extension.release.xcconfig */ = {isa = PBXFileReference; includeInIndex = 1; lastKnownFileType = text.xcconfig; name = "Pods-watch Extension.release.xcconfig"; path = "Pods/Target Support Files/Pods-watch Extension/Pods-watch Extension.release.xcconfig"; sourceTree = "<group>"; };
		C16002D8B711CED91CEE6D1E /* Pods-watch Extension.debug.xcconfig */ = {isa = PBXFileReference; includeInIndex = 1; lastKnownFileType = text.xcconfig; name = "Pods-watch Extension.debug.xcconfig"; path = "Pods/Target Support Files/Pods-watch Extension/Pods-watch Extension.debug.xcconfig"; sourceTree = "<group>"; };
		C2F1A412FF62F06ED672B7D0 /* Pods-watch.debug.xcconfig */ = {isa = PBXFileReference; includeInIndex = 1; lastKnownFileType = text.xcconfig; name = "Pods-watch.debug.xcconfig"; path = "Pods/Target Support Files/Pods-watch/Pods-watch.debug.xcconfig"; sourceTree = "<group>"; };
		C7C5DEA3DA3BD5D4A8FB167E /* Pods_watch_Extension.framework */ = {isa = PBXFileReference; explicitFileType = wrapper.framework; includeInIndex = 0; path = Pods_watch_Extension.framework; sourceTree = BUILT_PRODUCTS_DIR; };
		EE5D6634A4FA67B58367F520 /* Pods-RUN.debug.xcconfig */ = {isa = PBXFileReference; includeInIndex = 1; lastKnownFileType = text.xcconfig; name = "Pods-RUN.debug.xcconfig"; path = "Pods/Target Support Files/Pods-RUN/Pods-RUN.debug.xcconfig"; sourceTree = "<group>"; };
/* End PBXFileReference section */

/* Begin PBXFrameworksBuildPhase section */
		455FF2D11E847438000C88A9 /* Frameworks */ = {
			isa = PBXFrameworksBuildPhase;
			buildActionMask = 2147483647;
			files = (
				4512555B1E9825A9000ED6D3 /* HealthKit.framework in Frameworks */,
				082CEC9A2A8FCAE4C8DC383D /* Pods_RUN.framework in Frameworks */,
				454A15DF1E8CB7530098FB1E /* AudioToolbox.framework in Frameworks */,
			);
			runOnlyForDeploymentPostprocessing = 0;
		};
/* End PBXFrameworksBuildPhase section */

/* Begin PBXGroup section */
		1009296CEC0CDBE32A929935 /* Frameworks */ = {
			isa = PBXGroup;
			children = (
				4512555A1E9825A9000ED6D3 /* HealthKit.framework */,
				451255581E9825A4000ED6D3 /* HealthKit.framework */,
				454A15DE1E8CB7530098FB1E /* AudioToolbox.framework */,
				4CA27B498B9A232E648AB2F1 /* Pods_RUN.framework */,
				81C8FE6F61FA6686971B1907 /* Pods_watch.framework */,
				C7C5DEA3DA3BD5D4A8FB167E /* Pods_watch_Extension.framework */,
				6B1FB86AC0749D63D37F25D4 /* Pods_RUN_watch_Extension.framework */,
			);
			name = Frameworks;
			sourceTree = "<group>";
		};
		4508DD8F1E9860E9008B2536 /* Onboarding */ = {
			isa = PBXGroup;
			children = (
				45E3B1701E97EA5B007F8805 /* OnboardingSplashCollectionViewCell */,
				4508DD991E98611A008B2536 /* OnboardingInfoCollectionViewCell */,
				4508DD981E986114008B2536 /* OnboardingPermissionCollectionViewCell */,
			);
			name = Onboarding;
			sourceTree = "<group>";
		};
		4508DD981E986114008B2536 /* OnboardingPermissionCollectionViewCell */ = {
			isa = PBXGroup;
			children = (
				4508DD941E986110008B2536 /* OnboardingPermissionCollectionViewCell.swift */,
				4508DD951E986110008B2536 /* OnboardingPermissionCollectionViewCell.xib */,
			);
			name = OnboardingPermissionCollectionViewCell;
			sourceTree = "<group>";
		};
		4508DD991E98611A008B2536 /* OnboardingInfoCollectionViewCell */ = {
			isa = PBXGroup;
			children = (
				4508DD901E986102008B2536 /* OnboardingInfoCollectionViewCell.swift */,
				4508DD911E986102008B2536 /* OnboardingInfoCollectionViewCell.xib */,
			);
			name = OnboardingInfoCollectionViewCell;
			sourceTree = "<group>";
		};
		4530F6BF1E8EB64900906393 /* Data */ = {
			isa = PBXGroup;
			children = (
				4530F6B91E8EB38C00906393 /* DataView.swift */,
				4530F6BB1E8EB3F900906393 /* WorkoutDataSpan.swift */,
				4530F6BD1E8EB60300906393 /* WorkoutData.swift */,
			);
			name = Data;
			sourceTree = "<group>";
		};
		4530F6C01E8EB65300906393 /* Workout */ = {
			isa = PBXGroup;
			children = (
				45C8D7DA1E85F905003DB276 /* Workout.swift */,
				453B43491E8D85610005F8DA /* WorkoutLap.swift */,
				45C8D7DE1E85FB60003DB276 /* WorkoutEvent.swift */,
			);
			name = Workout;
			sourceTree = "<group>";
		};
		454A15CE1E8C8E200098FB1E /* Select */ = {
			isa = PBXGroup;
			children = (
				454F80581E8C8D1600BFF87A /* SelectThemeTableViewController.swift */,
				454F805A1E8C8D2A00BFF87A /* SelectUpdateTimeTableViewController.swift */,
				454A15CF1E8C8F050098FB1E /* SelectUpdateDistanceTableViewController.swift */,
				453B43471E8D81B60005F8DA /* SelectLapDistanceTableViewController.swift */,
				453B43451E8D59010005F8DA /* SelectSpeedScaleViewController.swift */,
			);
			name = Select;
			sourceTree = "<group>";
		};
		455FF2CB1E847437000C88A9 = {
			isa = PBXGroup;
			children = (
				455FF2D61E847438000C88A9 /* RUN */,
				455FF2D51E847438000C88A9 /* Products */,
				9B955E0F10076A2221F22E82 /* Pods */,
				1009296CEC0CDBE32A929935 /* Frameworks */,
			);
			sourceTree = "<group>";
		};
		455FF2D51E847438000C88A9 /* Products */ = {
			isa = PBXGroup;
			children = (
				455FF2D41E847438000C88A9 /* RUN.app */,
			);
			name = Products;
			sourceTree = "<group>";
		};
		455FF2D61E847438000C88A9 /* RUN */ = {
			isa = PBXGroup;
			children = (
				454A15D51E8CAB1D0098FB1E /* RUN.entitlements */,
				455FF2D71E847438000C88A9 /* AppDelegate.swift */,
				45C411B61E8B5037005A2FFB /* Cells */,
				455FF2EE1E847F64000C88A9 /* View Controllers */,
				45E3B13D1E947ADA007F8805 /* Views */,
				45C8D7E01E85FC66003DB276 /* Objects */,
				455FF2ED1E847F5E000C88A9 /* Storyboards */,
				45E3B15D1E955302007F8805 /* API */,
				455FF2DE1E847438000C88A9 /* Assets.xcassets */,
				455FF2EA1E847E26000C88A9 /* Supporting Files */,
			);
			path = RUN;
			sourceTree = "<group>";
		};
		455FF2EA1E847E26000C88A9 /* Supporting Files */ = {
			isa = PBXGroup;
			children = (
				45E3B1571E954D44007F8805 /* owfont-regular.ttf */,
				45E3B15E1E955469007F8805 /* owfont-regular.otf */,
				455783381E8DAD59000B177A /* hero.mp4 */,
				453B43431E8CD0EF0005F8DA /* silence.m4a */,
				45C8D7CF1E85C8A2003DB276 /* Map Styles */,
				455FF2E31E847438000C88A9 /* Info.plist */,
				45E3B1371E94614C007F8805 /* RUNPanGestureRecognizer.swift */,
				455FF2EB1E847E36000C88A9 /* Constants.swift */,
				456291821E89A5BF007A609D /* Settings.swift */,
				45C411C11E8B50A6005A2FFB /* Style.swift */,
				456291841E89A606007A609D /* Util.swift */,
				45E3B17B1E97EB97007F8805 /* RUN-Bridging-Header.h */,
			);
			name = "Supporting Files";
			sourceTree = "<group>";
		};
		455FF2ED1E847F5E000C88A9 /* Storyboards */ = {
			isa = PBXGroup;
			children = (
				455FF2DB1E847438000C88A9 /* Main.storyboard */,
				45E3B1661E97E6D5007F8805 /* Onboarding.storyboard */,
				455FF2E01E847438000C88A9 /* LaunchScreen.storyboard */,
			);
			name = Storyboards;
			sourceTree = "<group>";
		};
		455FF2EE1E847F64000C88A9 /* View Controllers */ = {
			isa = PBXGroup;
			children = (
				453B434B1E8DA97B0005F8DA /* SplashViewController.swift */,
				45E3B16B1E97E6F6007F8805 /* Onboarding */,
				45E3B1681E97E6E5007F8805 /* Main */,
				45E3B17E1E980628007F8805 /* LoginViewController.swift */,
			);
			name = "View Controllers";
			sourceTree = "<group>";
		};
		45C411AF1E8B08AA005A2FFB /* WorkoutTableViewCell */ = {
			isa = PBXGroup;
			children = (
				45C411AB1E8B08A7005A2FFB /* WorkoutTableViewCell.swift */,
				45C411AC1E8B08A7005A2FFB /* WorkoutTableViewCell.xib */,
			);
			name = WorkoutTableViewCell;
			sourceTree = "<group>";
		};
		45C411B61E8B5037005A2FFB /* Cells */ = {
			isa = PBXGroup;
			children = (
				45C411C71E8B518E005A2FFB /* ReviewTableViewCell */,
				45C411BF1E8B507F005A2FFB /* ActionTableViewCell */,
				45C411C01E8B5085005A2FFB /* CustomizationTableViewCell */,
				45C411AF1E8B08AA005A2FFB /* WorkoutTableViewCell */,
				45E3B1441E9480C8007F8805 /* WorkoutLapTableViewCell */,
				4508DD8F1E9860E9008B2536 /* Onboarding */,
			);
			name = Cells;
			sourceTree = "<group>";
		};
		45C411BF1E8B507F005A2FFB /* ActionTableViewCell */ = {
			isa = PBXGroup;
			children = (
				45C411B71E8B507A005A2FFB /* ActionTableViewCell.swift */,
				45C411B81E8B507A005A2FFB /* ActionTableViewCell.xib */,
			);
			name = ActionTableViewCell;
			sourceTree = "<group>";
		};
		45C411C01E8B5085005A2FFB /* CustomizationTableViewCell */ = {
			isa = PBXGroup;
			children = (
				45C411B91E8B507A005A2FFB /* CustomizationTableViewCell.swift */,
				45C411BA1E8B507A005A2FFB /* CustomizationTableViewCell.xib */,
			);
			name = CustomizationTableViewCell;
			sourceTree = "<group>";
		};
		45C411C71E8B518E005A2FFB /* ReviewTableViewCell */ = {
			isa = PBXGroup;
			children = (
				45C411C31E8B5189005A2FFB /* ReviewTableViewCell.swift */,
				45C411C41E8B5189005A2FFB /* ReviewTableViewCell.xib */,
			);
			name = ReviewTableViewCell;
			sourceTree = "<group>";
		};
		45C8D7CF1E85C8A2003DB276 /* Map Styles */ = {
			isa = PBXGroup;
			children = (
				45C8D7D01E85C8C7003DB276 /* map_retro.json */,
				45C8D7D21E85C8E4003DB276 /* map_silver.json */,
				45C8D7D41E85C90B003DB276 /* map_mirkwood.json */,
				45C8D7D61E85C91D003DB276 /* map_electric.json */,
			);
			name = "Map Styles";
			sourceTree = "<group>";
		};
		45C8D7E01E85FC66003DB276 /* Objects */ = {
			isa = PBXGroup;
			children = (
				45EB54FC1E98483800DF10D7 /* Realm */,
				45C8D7DC1E85F911003DB276 /* WorkoutManager.swift */,
				454A15D11E8CA5370098FB1E /* SpeechManager.swift */,
				4530F6BF1E8EB64900906393 /* Data */,
			);
			name = Objects;
			sourceTree = "<group>";
		};
		45E3B13D1E947ADA007F8805 /* Views */ = {
			isa = PBXGroup;
			children = (
				45E3B1711E97EB60007F8805 /* RUNShimmeringView.swift */,
				45E3B1721E97EB60007F8805 /* FBShimmering */,
				455FF2EF1E848F73000C88A9 /* BGView.swift */,
				45C411B21E8B3DFA005A2FFB /* RoundedView.swift */,
				45E3B1601E9561EA007F8805 /* FloatingButton.swift */,
				45C411B41E8B420A005A2FFB /* RoundedButton.swift */,
				45E3B1391E946607007F8805 /* WorkoutDataButton.swift */,
				45E3B13E1E947AE9007F8805 /* WorkoutDataSpanButton.swift */,
			);
			name = Views;
			sourceTree = "<group>";
		};
		45E3B1441E9480C8007F8805 /* WorkoutLapTableViewCell */ = {
			isa = PBXGroup;
			children = (
				45E3B1401E9480C5007F8805 /* WorkoutLapTableViewCell.swift */,
				45E3B1411E9480C5007F8805 /* WorkoutLapTableViewCell.xib */,
			);
			name = WorkoutLapTableViewCell;
			sourceTree = "<group>";
		};
		45E3B15D1E955302007F8805 /* API */ = {
			isa = PBXGroup;
			children = (
				45C411B01E8B329C005A2FFB /* API.swift */,
				45E3B15B1E9552FC007F8805 /* Weather.swift */,
				45E3B17C1E980572007F8805 /* MapMyRun.swift */,
			);
			name = API;
			sourceTree = "<group>";
		};
		45E3B1681E97E6E5007F8805 /* Main */ = {
			isa = PBXGroup;
			children = (
				455FF2D91E847438000C88A9 /* MapViewController.swift */,
				45E3B1351E945E25007F8805 /* WorkoutsNavigationViewController.swift */,
				45C8D7D81E85DF6E003DB276 /* WorkoutsViewController.swift */,
				45C8D7EA1E875063003DB276 /* WorkoutViewController.swift */,
				45C8D7EC1E8755DB003DB276 /* SettingsViewController.swift */,
				45E3B13B1E946D75007F8805 /* DataViewController.swift */,
				454A15CE1E8C8E200098FB1E /* Select */,
			);
			name = Main;
			sourceTree = "<group>";
		};
		45E3B16B1E97E6F6007F8805 /* Onboarding */ = {
			isa = PBXGroup;
			children = (
				45E3B1691E97E6F3007F8805 /* OnboardingViewController.swift */,
			);
			name = Onboarding;
			sourceTree = "<group>";
		};
		45E3B1701E97EA5B007F8805 /* OnboardingSplashCollectionViewCell */ = {
			isa = PBXGroup;
			children = (
				45E3B16C1E97EA58007F8805 /* OnboardingSplashCollectionViewCell.swift */,
				45E3B16D1E97EA58007F8805 /* OnboardingSplashCollectionViewCell.xib */,
			);
			name = OnboardingSplashCollectionViewCell;
			sourceTree = "<group>";
		};
		45E3B1721E97EB60007F8805 /* FBShimmering */ = {
			isa = PBXGroup;
			children = (
				45E3B1731E97EB60007F8805 /* FBShimmering.h */,
				45E3B1741E97EB60007F8805 /* FBShimmeringLayer.h */,
				45E3B1751E97EB60007F8805 /* FBShimmeringLayer.m */,
				45E3B1761E97EB60007F8805 /* FBShimmeringView.h */,
				45E3B1771E97EB60007F8805 /* FBShimmeringView.m */,
			);
			path = FBShimmering;
			sourceTree = "<group>";
		};
		45EB54FC1E98483800DF10D7 /* Realm */ = {
			isa = PBXGroup;
			children = (
				4530F6C01E8EB65300906393 /* Workout */,
				45EB54FD1E98484800DF10D7 /* Session.swift */,
				4508DD8D1E9850C2008B2536 /* MapMyRunUser.swift */,
			);
			name = Realm;
			sourceTree = "<group>";
		};
		9B955E0F10076A2221F22E82 /* Pods */ = {
			isa = PBXGroup;
			children = (
				EE5D6634A4FA67B58367F520 /* Pods-RUN.debug.xcconfig */,
				4C1922625EC9E23ABE008114 /* Pods-RUN.release.xcconfig */,
				C2F1A412FF62F06ED672B7D0 /* Pods-watch.debug.xcconfig */,
				2091703707F07DEE975FFE07 /* Pods-watch.release.xcconfig */,
				C16002D8B711CED91CEE6D1E /* Pods-watch Extension.debug.xcconfig */,
				BFC9A22E61E2F2457745A689 /* Pods-watch Extension.release.xcconfig */,
				53C35ECCB51D84E6AC17137B /* Pods-RUN watch Extension.debug.xcconfig */,
				261F805CD4C5EB318D4FCAC4 /* Pods-RUN watch Extension.release.xcconfig */,
			);
			name = Pods;
			sourceTree = "<group>";
		};
/* End PBXGroup section */

/* Begin PBXNativeTarget section */
		455FF2D31E847438000C88A9 /* RUN */ = {
			isa = PBXNativeTarget;
			buildConfigurationList = 455FF2E61E847438000C88A9 /* Build configuration list for PBXNativeTarget "RUN" */;
			buildPhases = (
				473F1C9D3112C6C2448F625D /* [CP] Check Pods Manifest.lock */,
				455FF2D01E847438000C88A9 /* Sources */,
				455FF2D11E847438000C88A9 /* Frameworks */,
				455FF2D21E847438000C88A9 /* Resources */,
				41770475C435D46EF2A98022 /* [CP] Embed Pods Frameworks */,
				17024794D793F0F1279F2E20 /* [CP] Copy Pods Resources */,
				455FF2E91E84765F000C88A9 /* ShellScript */,
			);
			buildRules = (
			);
			dependencies = (
			);
			name = RUN;
			productName = RUN;
			productReference = 455FF2D41E847438000C88A9 /* RUN.app */;
			productType = "com.apple.product-type.application";
		};
/* End PBXNativeTarget section */

/* Begin PBXProject section */
		455FF2CC1E847437000C88A9 /* Project object */ = {
			isa = PBXProject;
			attributes = {
				LastSwiftUpdateCheck = 0830;
				LastUpgradeCheck = 0820;
				ORGANIZATIONNAME = "Arbor Apps";
				TargetAttributes = {
					455FF2D31E847438000C88A9 = {
						CreatedOnToolsVersion = 8.2.1;
						DevelopmentTeam = JSQ8N76B4C;
						ProvisioningStyle = Automatic;
						SystemCapabilities = {
							com.apple.ApplicationGroups.iOS = {
								enabled = 0;
							};
							com.apple.BackgroundModes = {
								enabled = 1;
							};
							com.apple.HealthKit = {
								enabled = 1;
							};
							com.apple.InterAppAudio = {
								enabled = 1;
							};
							com.apple.Maps.iOS = {
								enabled = 0;
							};
						};
					};
				};
			};
			buildConfigurationList = 455FF2CF1E847437000C88A9 /* Build configuration list for PBXProject "RUN" */;
			compatibilityVersion = "Xcode 3.2";
			developmentRegion = English;
			hasScannedForEncodings = 0;
			knownRegions = (
				en,
				Base,
			);
			mainGroup = 455FF2CB1E847437000C88A9;
			productRefGroup = 455FF2D51E847438000C88A9 /* Products */;
			projectDirPath = "";
			projectRoot = "";
			targets = (
				455FF2D31E847438000C88A9 /* RUN */,
			);
		};
/* End PBXProject section */

/* Begin PBXResourcesBuildPhase section */
		455FF2D21E847438000C88A9 /* Resources */ = {
			isa = PBXResourcesBuildPhase;
			buildActionMask = 2147483647;
			files = (
				455783391E8DAD5B000B177A /* hero.mp4 in Resources */,
				45C8D7D31E85C8E4003DB276 /* map_silver.json in Resources */,
				45E3B16F1E97EA58007F8805 /* OnboardingSplashCollectionViewCell.xib in Resources */,
				455FF2E21E847438000C88A9 /* LaunchScreen.storyboard in Resources */,
				45E3B1581E954D44007F8805 /* owfont-regular.ttf in Resources */,
				45C8D7D51E85C90B003DB276 /* map_mirkwood.json in Resources */,
				4508DD971E986110008B2536 /* OnboardingPermissionCollectionViewCell.xib in Resources */,
				45E3B15F1E955469007F8805 /* owfont-regular.otf in Resources */,
				455FF2DF1E847438000C88A9 /* Assets.xcassets in Resources */,
				45C411BC1E8B507A005A2FFB /* ActionTableViewCell.xib in Resources */,
				455FF2DD1E847438000C88A9 /* Main.storyboard in Resources */,
				453B43441E8CD15D0005F8DA /* silence.m4a in Resources */,
				45E3B1671E97E6D5007F8805 /* Onboarding.storyboard in Resources */,
				45C8D7D11E85C8C7003DB276 /* map_retro.json in Resources */,
				45C411BE1E8B507A005A2FFB /* CustomizationTableViewCell.xib in Resources */,
				4508DD931E986102008B2536 /* OnboardingInfoCollectionViewCell.xib in Resources */,
				45C8D7D71E85C91D003DB276 /* map_electric.json in Resources */,
				45C411AE1E8B08A7005A2FFB /* WorkoutTableViewCell.xib in Resources */,
				45C411C61E8B5189005A2FFB /* ReviewTableViewCell.xib in Resources */,
				45E3B1431E9480C5007F8805 /* WorkoutLapTableViewCell.xib in Resources */,
			);
			runOnlyForDeploymentPostprocessing = 0;
		};
/* End PBXResourcesBuildPhase section */

/* Begin PBXShellScriptBuildPhase section */
		17024794D793F0F1279F2E20 /* [CP] Copy Pods Resources */ = {
			isa = PBXShellScriptBuildPhase;
			buildActionMask = 2147483647;
			files = (
			);
			inputPaths = (
			);
			name = "[CP] Copy Pods Resources";
			outputPaths = (
			);
			runOnlyForDeploymentPostprocessing = 0;
			shellPath = /bin/sh;
			shellScript = "\"${SRCROOT}/Pods/Target Support Files/Pods-RUN/Pods-RUN-resources.sh\"\n";
			showEnvVarsInLog = 0;
		};
		41770475C435D46EF2A98022 /* [CP] Embed Pods Frameworks */ = {
			isa = PBXShellScriptBuildPhase;
			buildActionMask = 2147483647;
			files = (
			);
			inputPaths = (
			);
			name = "[CP] Embed Pods Frameworks";
			outputPaths = (
			);
			runOnlyForDeploymentPostprocessing = 0;
			shellPath = /bin/sh;
			shellScript = "\"${SRCROOT}/Pods/Target Support Files/Pods-RUN/Pods-RUN-frameworks.sh\"\n";
			showEnvVarsInLog = 0;
		};
		455FF2E91E84765F000C88A9 /* ShellScript */ = {
			isa = PBXShellScriptBuildPhase;
			buildActionMask = 2147483647;
			files = (
			);
			inputPaths = (
			);
			outputPaths = (
			);
			runOnlyForDeploymentPostprocessing = 0;
			shellPath = /bin/sh;
			shellScript = "./Fabric.framework/run 9db088a49c5bca220f07c5debe182bece5157cbd 282c83d637cb181e3f3919041ae40b633d9c3b411b0af371b7ccb4efacf616c2";
		};
		473F1C9D3112C6C2448F625D /* [CP] Check Pods Manifest.lock */ = {
			isa = PBXShellScriptBuildPhase;
			buildActionMask = 2147483647;
			files = (
			);
			inputPaths = (
			);
			name = "[CP] Check Pods Manifest.lock";
			outputPaths = (
			);
			runOnlyForDeploymentPostprocessing = 0;
			shellPath = /bin/sh;
			shellScript = "diff \"${PODS_ROOT}/../Podfile.lock\" \"${PODS_ROOT}/Manifest.lock\" > /dev/null\nif [ $? != 0 ] ; then\n    # print error to STDERR\n    echo \"error: The sandbox is not in sync with the Podfile.lock. Run 'pod install' or update your CocoaPods installation.\" >&2\n    exit 1\nfi\n";
			showEnvVarsInLog = 0;
		};
/* End PBXShellScriptBuildPhase section */

/* Begin PBXSourcesBuildPhase section */
		455FF2D01E847438000C88A9 /* Sources */ = {
			isa = PBXSourcesBuildPhase;
			buildActionMask = 2147483647;
			files = (
				455FF2DA1E847438000C88A9 /* MapViewController.swift in Sources */,
				454A15D21E8CA5370098FB1E /* SpeechManager.swift in Sources */,
				453B43481E8D81B60005F8DA /* SelectLapDistanceTableViewController.swift in Sources */,
				454F805B1E8C8D2A00BFF87A /* SelectUpdateTimeTableViewController.swift in Sources */,
				45C411C21E8B50A6005A2FFB /* Style.swift in Sources */,
				45C8D7DD1E85F911003DB276 /* WorkoutManager.swift in Sources */,
				4530F6BC1E8EB3F900906393 /* WorkoutDataSpan.swift in Sources */,
				4530F6BA1E8EB38C00906393 /* DataView.swift in Sources */,
				45E3B1781E97EB60007F8805 /* RUNShimmeringView.swift in Sources */,
				45C8D7DF1E85FB60003DB276 /* WorkoutEvent.swift in Sources */,
				4508DD921E986102008B2536 /* OnboardingInfoCollectionViewCell.swift in Sources */,
				454A15D01E8C8F050098FB1E /* SelectUpdateDistanceTableViewController.swift in Sources */,
				45E3B17D1E980572007F8805 /* MapMyRun.swift in Sources */,
				453B434A1E8D85610005F8DA /* WorkoutLap.swift in Sources */,
				45C8D7ED1E8755DB003DB276 /* SettingsViewController.swift in Sources */,
				45C8D7EB1E875063003DB276 /* WorkoutViewController.swift in Sources */,
				455FF2F01E848F73000C88A9 /* BGView.swift in Sources */,
				45C411B11E8B329C005A2FFB /* API.swift in Sources */,
				4508DD8E1E9850C2008B2536 /* MapMyRunUser.swift in Sources */,
				45E3B16E1E97EA58007F8805 /* OnboardingSplashCollectionViewCell.swift in Sources */,
				455FF2D81E847438000C88A9 /* AppDelegate.swift in Sources */,
				45C411B31E8B3DFA005A2FFB /* RoundedView.swift in Sources */,
				453B43461E8D59010005F8DA /* SelectSpeedScaleViewController.swift in Sources */,
				456291851E89A606007A609D /* Util.swift in Sources */,
				45C411BD1E8B507A005A2FFB /* CustomizationTableViewCell.swift in Sources */,
				45C411AD1E8B08A7005A2FFB /* WorkoutTableViewCell.swift in Sources */,
				45E3B17A1E97EB60007F8805 /* FBShimmeringView.m in Sources */,
				45E3B1791E97EB60007F8805 /* FBShimmeringLayer.m in Sources */,
				45E3B17F1E980628007F8805 /* LoginViewController.swift in Sources */,
				45E3B1421E9480C5007F8805 /* WorkoutLapTableViewCell.swift in Sources */,
				453B434C1E8DA97B0005F8DA /* SplashViewController.swift in Sources */,
				45E3B13C1E946D75007F8805 /* DataViewController.swift in Sources */,
				45C411B51E8B420A005A2FFB /* RoundedButton.swift in Sources */,
				45E3B13A1E946607007F8805 /* WorkoutDataButton.swift in Sources */,
				45E3B13F1E947AE9007F8805 /* WorkoutDataSpanButton.swift in Sources */,
				45E3B16A1E97E6F3007F8805 /* OnboardingViewController.swift in Sources */,
				45E3B1381E94614C007F8805 /* RUNPanGestureRecognizer.swift in Sources */,
				4530F6BE1E8EB60300906393 /* WorkoutData.swift in Sources */,
				45E3B1611E9561EA007F8805 /* FloatingButton.swift in Sources */,
				455FF2EC1E847E36000C88A9 /* Constants.swift in Sources */,
				45C411BB1E8B507A005A2FFB /* ActionTableViewCell.swift in Sources */,
				45C8D7D91E85DF6E003DB276 /* WorkoutsViewController.swift in Sources */,
				4508DD961E986110008B2536 /* OnboardingPermissionCollectionViewCell.swift in Sources */,
				454F80591E8C8D1600BFF87A /* SelectThemeTableViewController.swift in Sources */,
				45C411C51E8B5189005A2FFB /* ReviewTableViewCell.swift in Sources */,
				45E3B15C1E9552FC007F8805 /* Weather.swift in Sources */,
				45EB54FE1E98484800DF10D7 /* Session.swift in Sources */,
				456291831E89A5BF007A609D /* Settings.swift in Sources */,
				45E3B1361E945E25007F8805 /* WorkoutsNavigationViewController.swift in Sources */,
				45C8D7DB1E85F905003DB276 /* Workout.swift in Sources */,
			);
			runOnlyForDeploymentPostprocessing = 0;
		};
/* End PBXSourcesBuildPhase section */

/* Begin PBXVariantGroup section */
		455FF2DB1E847438000C88A9 /* Main.storyboard */ = {
			isa = PBXVariantGroup;
			children = (
				455FF2DC1E847438000C88A9 /* Base */,
			);
			name = Main.storyboard;
			sourceTree = "<group>";
		};
		455FF2E01E847438000C88A9 /* LaunchScreen.storyboard */ = {
			isa = PBXVariantGroup;
			children = (
				455FF2E11E847438000C88A9 /* Base */,
			);
			name = LaunchScreen.storyboard;
			sourceTree = "<group>";
		};
/* End PBXVariantGroup section */

/* Begin XCBuildConfiguration section */
		455FF2E41E847438000C88A9 /* Debug */ = {
			isa = XCBuildConfiguration;
			buildSettings = {
				ALWAYS_SEARCH_USER_PATHS = NO;
				CLANG_ANALYZER_NONNULL = YES;
				CLANG_CXX_LANGUAGE_STANDARD = "gnu++0x";
				CLANG_CXX_LIBRARY = "libc++";
				CLANG_ENABLE_MODULES = YES;
				CLANG_ENABLE_OBJC_ARC = YES;
				CLANG_WARN_BOOL_CONVERSION = YES;
				CLANG_WARN_CONSTANT_CONVERSION = YES;
				CLANG_WARN_DIRECT_OBJC_ISA_USAGE = YES_ERROR;
				CLANG_WARN_DOCUMENTATION_COMMENTS = YES;
				CLANG_WARN_EMPTY_BODY = YES;
				CLANG_WARN_ENUM_CONVERSION = YES;
				CLANG_WARN_INFINITE_RECURSION = YES;
				CLANG_WARN_INT_CONVERSION = YES;
				CLANG_WARN_OBJC_ROOT_CLASS = YES_ERROR;
				CLANG_WARN_SUSPICIOUS_MOVE = YES;
				CLANG_WARN_UNREACHABLE_CODE = YES;
				CLANG_WARN__DUPLICATE_METHOD_MATCH = YES;
				"CODE_SIGN_IDENTITY[sdk=iphoneos*]" = "iPhone Developer";
				COPY_PHASE_STRIP = NO;
				DEBUG_INFORMATION_FORMAT = dwarf;
				ENABLE_STRICT_OBJC_MSGSEND = YES;
				ENABLE_TESTABILITY = YES;
				GCC_C_LANGUAGE_STANDARD = gnu99;
				GCC_DYNAMIC_NO_PIC = NO;
				GCC_NO_COMMON_BLOCKS = YES;
				GCC_OPTIMIZATION_LEVEL = 0;
				GCC_PREPROCESSOR_DEFINITIONS = (
					"DEBUG=1",
					"$(inherited)",
				);
				GCC_WARN_64_TO_32_BIT_CONVERSION = YES;
				GCC_WARN_ABOUT_RETURN_TYPE = YES_ERROR;
				GCC_WARN_UNDECLARED_SELECTOR = YES;
				GCC_WARN_UNINITIALIZED_AUTOS = YES_AGGRESSIVE;
				GCC_WARN_UNUSED_FUNCTION = YES;
				GCC_WARN_UNUSED_VARIABLE = YES;
				IPHONEOS_DEPLOYMENT_TARGET = 10.2;
				MTL_ENABLE_DEBUG_INFO = YES;
				ONLY_ACTIVE_ARCH = YES;
				SDKROOT = iphoneos;
				SWIFT_ACTIVE_COMPILATION_CONDITIONS = DEBUG;
				SWIFT_OPTIMIZATION_LEVEL = "-Onone";
			};
			name = Debug;
		};
		455FF2E51E847438000C88A9 /* Release */ = {
			isa = XCBuildConfiguration;
			buildSettings = {
				ALWAYS_SEARCH_USER_PATHS = NO;
				CLANG_ANALYZER_NONNULL = YES;
				CLANG_CXX_LANGUAGE_STANDARD = "gnu++0x";
				CLANG_CXX_LIBRARY = "libc++";
				CLANG_ENABLE_MODULES = YES;
				CLANG_ENABLE_OBJC_ARC = YES;
				CLANG_WARN_BOOL_CONVERSION = YES;
				CLANG_WARN_CONSTANT_CONVERSION = YES;
				CLANG_WARN_DIRECT_OBJC_ISA_USAGE = YES_ERROR;
				CLANG_WARN_DOCUMENTATION_COMMENTS = YES;
				CLANG_WARN_EMPTY_BODY = YES;
				CLANG_WARN_ENUM_CONVERSION = YES;
				CLANG_WARN_INFINITE_RECURSION = YES;
				CLANG_WARN_INT_CONVERSION = YES;
				CLANG_WARN_OBJC_ROOT_CLASS = YES_ERROR;
				CLANG_WARN_SUSPICIOUS_MOVE = YES;
				CLANG_WARN_UNREACHABLE_CODE = YES;
				CLANG_WARN__DUPLICATE_METHOD_MATCH = YES;
				"CODE_SIGN_IDENTITY[sdk=iphoneos*]" = "iPhone Developer";
				COPY_PHASE_STRIP = NO;
				DEBUG_INFORMATION_FORMAT = "dwarf-with-dsym";
				ENABLE_NS_ASSERTIONS = NO;
				ENABLE_STRICT_OBJC_MSGSEND = YES;
				GCC_C_LANGUAGE_STANDARD = gnu99;
				GCC_NO_COMMON_BLOCKS = YES;
				GCC_WARN_64_TO_32_BIT_CONVERSION = YES;
				GCC_WARN_ABOUT_RETURN_TYPE = YES_ERROR;
				GCC_WARN_UNDECLARED_SELECTOR = YES;
				GCC_WARN_UNINITIALIZED_AUTOS = YES_AGGRESSIVE;
				GCC_WARN_UNUSED_FUNCTION = YES;
				GCC_WARN_UNUSED_VARIABLE = YES;
				IPHONEOS_DEPLOYMENT_TARGET = 10.2;
				MTL_ENABLE_DEBUG_INFO = NO;
				SDKROOT = iphoneos;
				SWIFT_OPTIMIZATION_LEVEL = "-Owholemodule";
				VALIDATE_PRODUCT = YES;
			};
			name = Release;
		};
		455FF2E71E847438000C88A9 /* Debug */ = {
			isa = XCBuildConfiguration;
			baseConfigurationReference = EE5D6634A4FA67B58367F520 /* Pods-RUN.debug.xcconfig */;
			buildSettings = {
				ASSETCATALOG_COMPILER_APPICON_NAME = AppIcon;
				CODE_SIGN_ENTITLEMENTS = RUN/RUN.entitlements;
				DEVELOPMENT_TEAM = JSQ8N76B4C;
				INFOPLIST_FILE = RUN/Info.plist;
				IPHONEOS_DEPLOYMENT_TARGET = 10.0;
				LD_RUNPATH_SEARCH_PATHS = "$(inherited) @executable_path/Frameworks";
				PRODUCT_BUNDLE_IDENTIFIER = io.arborapps.RUN;
				PRODUCT_NAME = "$(TARGET_NAME)";
				SWIFT_OBJC_BRIDGING_HEADER = "RUN/RUN-Bridging-Header.h";
				SWIFT_VERSION = 3.0;
			};
			name = Debug;
		};
		455FF2E81E847438000C88A9 /* Release */ = {
			isa = XCBuildConfiguration;
			baseConfigurationReference = 4C1922625EC9E23ABE008114 /* Pods-RUN.release.xcconfig */;
			buildSettings = {
				ASSETCATALOG_COMPILER_APPICON_NAME = AppIcon;
				CODE_SIGN_ENTITLEMENTS = RUN/RUN.entitlements;
				DEVELOPMENT_TEAM = JSQ8N76B4C;
				INFOPLIST_FILE = RUN/Info.plist;
				IPHONEOS_DEPLOYMENT_TARGET = 10.0;
				LD_RUNPATH_SEARCH_PATHS = "$(inherited) @executable_path/Frameworks";
				PRODUCT_BUNDLE_IDENTIFIER = io.arborapps.RUN;
				PRODUCT_NAME = "$(TARGET_NAME)";
				SWIFT_OBJC_BRIDGING_HEADER = "RUN/RUN-Bridging-Header.h";
				SWIFT_VERSION = 3.0;
			};
			name = Release;
		};
/* End XCBuildConfiguration section */

/* Begin XCConfigurationList section */
		455FF2CF1E847437000C88A9 /* Build configuration list for PBXProject "RUN" */ = {
			isa = XCConfigurationList;
			buildConfigurations = (
				455FF2E41E847438000C88A9 /* Debug */,
				455FF2E51E847438000C88A9 /* Release */,
			);
			defaultConfigurationIsVisible = 0;
			defaultConfigurationName = Release;
		};
		455FF2E61E847438000C88A9 /* Build configuration list for PBXNativeTarget "RUN" */ = {
			isa = XCConfigurationList;
			buildConfigurations = (
				455FF2E71E847438000C88A9 /* Debug */,
				455FF2E81E847438000C88A9 /* Release */,
			);
			defaultConfigurationIsVisible = 0;
			defaultConfigurationName = Release;
		};
/* End XCConfigurationList section */
	};
	rootObject = 455FF2CC1E847437000C88A9 /* Project object */;
}
